
Microsoft Visual Studio Solution File, Format Version 12.00
# Visual Studio Version 17
VisualStudioVersion = 17.4.33110.190
MinimumVisualStudioVersion = 10.0.40219.1
Project("{FAE04EC0-301F-11D3-BF4B-00C04F79EFBC}") = "EmpWageFinal", "EmpWageFinal.csproj", "{6856A0C2-5460-427F-AD4B-9A3340C9061E}"
EndProject
Global
	GlobalSection(SolutionConfigurationPlatforms) = preSolution
		Debug|Any CPU = Debug|Any CPU
		Release|Any CPU = Release|Any CPU
	EndGlobalSection
	GlobalSection(ProjectConfigurationPlatforms) = postSolution
		{6856A0C2-5460-427F-AD4B-9A3340C9061E}.Debug|Any CPU.ActiveCfg = Debug|Any CPU
		{6856A0C2-5460-427F-AD4B-9A3340C9061E}.Debug|Any CPU.Build.0 = Debug|Any CPU
		{6856A0C2-5460-427F-AD4B-9A3340C9061E}.Release|Any CPU.ActiveCfg = Release|Any CPU
		{6856A0C2-5460-427F-AD4B-9A3340C9061E}.Release|Any CPU.Build.0 = Release|Any CPU
	EndGlobalSection
	GlobalSection(SolutionProperties) = preSolution
		HideSolutionNode = FALSE
	EndGlobalSection
	GlobalSection(ExtensibilityGlobals) = postSolution
		SolutionGuid = {D73A984E-49D8-49F3-851E-4E35158AC8A1}
	EndGlobalSection
EndGlobal
